
Microsoft Visual Studio Solution File, Format Version 12.00
# Visual Studio Version 17
VisualStudioVersion = 17.11.35222.181
MinimumVisualStudioVersion = 10.0.40219.1
Project("{FAE04EC0-301F-11D3-BF4B-00C04F79EFBC}") = "CA241202", "CA241202.csproj", "{7E53E6E2-A967-472F-9A17-62AAE5FE83BC}"
EndProject
Global
	GlobalSection(SolutionConfigurationPlatforms) = preSolution
		Debug|Any CPU = Debug|Any CPU
		Release|Any CPU = Release|Any CPU
	EndGlobalSection
	GlobalSection(ProjectConfigurationPlatforms) = postSolution
		{7E53E6E2-A967-472F-9A17-62AAE5FE83BC}.Debug|Any CPU.ActiveCfg = Debug|Any CPU
		{7E53E6E2-A967-472F-9A17-62AAE5FE83BC}.Debug|Any CPU.Build.0 = Debug|Any CPU
		{7E53E6E2-A967-472F-9A17-62AAE5FE83BC}.Release|Any CPU.ActiveCfg = Release|Any CPU
		{7E53E6E2-A967-472F-9A17-62AAE5FE83BC}.Release|Any CPU.Build.0 = Release|Any CPU
	EndGlobalSection
	GlobalSection(SolutionProperties) = preSolution
		HideSolutionNode = FALSE
	EndGlobalSection
	GlobalSection(ExtensibilityGlobals) = postSolution
		SolutionGuid = {A20B5CD5-8296-427E-8C13-FA125D36AD38}
	EndGlobalSection
EndGlobal
